
Microsoft Visual Studio Solution File, Format Version 12.00
# Visual Studio Version 17
VisualStudioVersion = 17.9.34616.47
MinimumVisualStudioVersion = 10.0.40219.1
Project("{9A19103F-16F7-4668-BE54-9A1E7A4F7556}") = "01.DefineAnInterfaceIPerson", "08.InterfacesAndAbstraction\01.DefineAnInterfaceIPerson.csproj", "{5D42DA5F-205A-46E6-8D9A-1182B46A05E4}"
EndProject
Project("{9A19103F-16F7-4668-BE54-9A1E7A4F7556}") = "02.MultipleImplementation", "02.MultipleImplementation\02.MultipleImplementation.csproj", "{CECC2858-F211-46DC-B557-234E964E67FA}"
EndProject
Project("{9A19103F-16F7-4668-BE54-9A1E7A4F7556}") = "03.Telephony", "03.Telephony\03.Telephony.csproj", "{344E09A9-C66F-4222-8C1D-A996DE6CBF7D}"
EndProject
Project("{9A19103F-16F7-4668-BE54-9A1E7A4F7556}") = "04.BorderControl", "04.BorderControl\04.BorderControl.csproj", "{56567199-AAF8-47E9-99D4-2AF01ED76002}"
EndProject
Project("{9A19103F-16F7-4668-BE54-9A1E7A4F7556}") = "05.BirthdayCelebrations", "05.BirthdayCelebrations\05.BirthdayCelebrations.csproj", "{4EC5770A-2151-4F3D-971E-ED3E7CF19AFF}"
EndProject
Project("{9A19103F-16F7-4668-BE54-9A1E7A4F7556}") = "06.FoodShortage", "06.FoodShortage\06.FoodShortage.csproj", "{7294CE80-76DD-47B9-BD35-A8C69C677D93}"
EndProject
Project("{FAE04EC0-301F-11D3-BF4B-00C04F79EFBC}") = "09.ExplicitInterfaces", "09.ExplicitInterfaces\09.ExplicitInterfaces.csproj", "{8E74E0FD-6F34-42E6-AF2F-285F5BC27388}"
EndProject
Global
	GlobalSection(SolutionConfigurationPlatforms) = preSolution
		Debug|Any CPU = Debug|Any CPU
		Release|Any CPU = Release|Any CPU
	EndGlobalSection
	GlobalSection(ProjectConfigurationPlatforms) = postSolution
		{5D42DA5F-205A-46E6-8D9A-1182B46A05E4}.Debug|Any CPU.ActiveCfg = Debug|Any CPU
		{5D42DA5F-205A-46E6-8D9A-1182B46A05E4}.Debug|Any CPU.Build.0 = Debug|Any CPU
		{5D42DA5F-205A-46E6-8D9A-1182B46A05E4}.Release|Any CPU.ActiveCfg = Release|Any CPU
		{5D42DA5F-205A-46E6-8D9A-1182B46A05E4}.Release|Any CPU.Build.0 = Release|Any CPU
		{CECC2858-F211-46DC-B557-234E964E67FA}.Debug|Any CPU.ActiveCfg = Debug|Any CPU
		{CECC2858-F211-46DC-B557-234E964E67FA}.Debug|Any CPU.Build.0 = Debug|Any CPU
		{CECC2858-F211-46DC-B557-234E964E67FA}.Release|Any CPU.ActiveCfg = Release|Any CPU
		{CECC2858-F211-46DC-B557-234E964E67FA}.Release|Any CPU.Build.0 = Release|Any CPU
		{344E09A9-C66F-4222-8C1D-A996DE6CBF7D}.Debug|Any CPU.ActiveCfg = Debug|Any CPU
		{344E09A9-C66F-4222-8C1D-A996DE6CBF7D}.Debug|Any CPU.Build.0 = Debug|Any CPU
		{344E09A9-C66F-4222-8C1D-A996DE6CBF7D}.Release|Any CPU.ActiveCfg = Release|Any CPU
		{344E09A9-C66F-4222-8C1D-A996DE6CBF7D}.Release|Any CPU.Build.0 = Release|Any CPU
		{56567199-AAF8-47E9-99D4-2AF01ED76002}.Debug|Any CPU.ActiveCfg = Debug|Any CPU
		{56567199-AAF8-47E9-99D4-2AF01ED76002}.Debug|Any CPU.Build.0 = Debug|Any CPU
		{56567199-AAF8-47E9-99D4-2AF01ED76002}.Release|Any CPU.ActiveCfg = Release|Any CPU
		{56567199-AAF8-47E9-99D4-2AF01ED76002}.Release|Any CPU.Build.0 = Release|Any CPU
		{4EC5770A-2151-4F3D-971E-ED3E7CF19AFF}.Debug|Any CPU.ActiveCfg = Debug|Any CPU
		{4EC5770A-2151-4F3D-971E-ED3E7CF19AFF}.Debug|Any CPU.Build.0 = Debug|Any CPU
		{4EC5770A-2151-4F3D-971E-ED3E7CF19AFF}.Release|Any CPU.ActiveCfg = Release|Any CPU
		{4EC5770A-2151-4F3D-971E-ED3E7CF19AFF}.Release|Any CPU.Build.0 = Release|Any CPU
		{7294CE80-76DD-47B9-BD35-A8C69C677D93}.Debug|Any CPU.ActiveCfg = Debug|Any CPU
		{7294CE80-76DD-47B9-BD35-A8C69C677D93}.Debug|Any CPU.Build.0 = Debug|Any CPU
		{7294CE80-76DD-47B9-BD35-A8C69C677D93}.Release|Any CPU.ActiveCfg = Release|Any CPU
		{7294CE80-76DD-47B9-BD35-A8C69C677D93}.Release|Any CPU.Build.0 = Release|Any CPU
		{8E74E0FD-6F34-42E6-AF2F-285F5BC27388}.Debug|Any CPU.ActiveCfg = Debug|Any CPU
		{8E74E0FD-6F34-42E6-AF2F-285F5BC27388}.Debug|Any CPU.Build.0 = Debug|Any CPU
		{8E74E0FD-6F34-42E6-AF2F-285F5BC27388}.Release|Any CPU.ActiveCfg = Release|Any CPU
		{8E74E0FD-6F34-42E6-AF2F-285F5BC27388}.Release|Any CPU.Build.0 = Release|Any CPU
	EndGlobalSection
	GlobalSection(SolutionProperties) = preSolution
		HideSolutionNode = FALSE
	EndGlobalSection
	GlobalSection(ExtensibilityGlobals) = postSolution
		SolutionGuid = {384D78B8-266B-4864-AC33-E55675FC0779}
	EndGlobalSection
EndGlobal
