
Microsoft Visual Studio Solution File, Format Version 12.00
# Visual Studio Version 17
VisualStudioVersion = 17.9.34616.47
MinimumVisualStudioVersion = 10.0.40219.1
Project("{FAE04EC0-301F-11D3-BF4B-00C04F79EFBC}") = "05.Encapsulation", "05.Encapsulation\05.Encapsulation.csproj", "{33AE7BED-D83A-498C-97E5-CECABA8F0217}"
EndProject
Project("{FAE04EC0-301F-11D3-BF4B-00C04F79EFBC}") = "01.Persons", "01.Persons\01.Persons.csproj", "{BEA28638-A938-4CBD-A660-5E7B23C3DAFB}"
EndProject
Project("{FAE04EC0-301F-11D3-BF4B-00C04F79EFBC}") = "02.Salary", "02.Salary\02.Salary.csproj", "{1F6277D5-CC21-4779-9D89-026E1463031A}"
EndProject
Project("{FAE04EC0-301F-11D3-BF4B-00C04F79EFBC}") = "03.Validation", "03.Validation\03.Validation.csproj", "{9F24FC26-4AAB-49A4-A891-36A603026884}"
EndProject
Global
	GlobalSection(SolutionConfigurationPlatforms) = preSolution
		Debug|Any CPU = Debug|Any CPU
		Release|Any CPU = Release|Any CPU
	EndGlobalSection
	GlobalSection(ProjectConfigurationPlatforms) = postSolution
		{33AE7BED-D83A-498C-97E5-CECABA8F0217}.Debug|Any CPU.ActiveCfg = Debug|Any CPU
		{33AE7BED-D83A-498C-97E5-CECABA8F0217}.Debug|Any CPU.Build.0 = Debug|Any CPU
		{33AE7BED-D83A-498C-97E5-CECABA8F0217}.Release|Any CPU.ActiveCfg = Release|Any CPU
		{33AE7BED-D83A-498C-97E5-CECABA8F0217}.Release|Any CPU.Build.0 = Release|Any CPU
		{BEA28638-A938-4CBD-A660-5E7B23C3DAFB}.Debug|Any CPU.ActiveCfg = Debug|Any CPU
		{BEA28638-A938-4CBD-A660-5E7B23C3DAFB}.Debug|Any CPU.Build.0 = Debug|Any CPU
		{BEA28638-A938-4CBD-A660-5E7B23C3DAFB}.Release|Any CPU.ActiveCfg = Release|Any CPU
		{BEA28638-A938-4CBD-A660-5E7B23C3DAFB}.Release|Any CPU.Build.0 = Release|Any CPU
		{1F6277D5-CC21-4779-9D89-026E1463031A}.Debug|Any CPU.ActiveCfg = Debug|Any CPU
		{1F6277D5-CC21-4779-9D89-026E1463031A}.Debug|Any CPU.Build.0 = Debug|Any CPU
		{1F6277D5-CC21-4779-9D89-026E1463031A}.Release|Any CPU.ActiveCfg = Release|Any CPU
		{1F6277D5-CC21-4779-9D89-026E1463031A}.Release|Any CPU.Build.0 = Release|Any CPU
		{9F24FC26-4AAB-49A4-A891-36A603026884}.Debug|Any CPU.ActiveCfg = Debug|Any CPU
		{9F24FC26-4AAB-49A4-A891-36A603026884}.Debug|Any CPU.Build.0 = Debug|Any CPU
		{9F24FC26-4AAB-49A4-A891-36A603026884}.Release|Any CPU.ActiveCfg = Release|Any CPU
		{9F24FC26-4AAB-49A4-A891-36A603026884}.Release|Any CPU.Build.0 = Release|Any CPU
	EndGlobalSection
	GlobalSection(SolutionProperties) = preSolution
		HideSolutionNode = FALSE
	EndGlobalSection
	GlobalSection(ExtensibilityGlobals) = postSolution
		SolutionGuid = {A35192E8-6820-4AC1-9493-1AA7E0F7CD9A}
	EndGlobalSection
EndGlobal
