
Microsoft Visual Studio Solution File, Format Version 12.00
# Visual Studio Version 17
VisualStudioVersion = 17.9.34616.47
MinimumVisualStudioVersion = 10.0.40219.1
Project("{9A19103F-16F7-4668-BE54-9A1E7A4F7556}") = "01.Vehicles", "09.Polymorphism-Exercise\01.Vehicles.csproj", "{E3506D77-71DF-43B8-BAF6-A224D46030AC}"
EndProject
Project("{FAE04EC0-301F-11D3-BF4B-00C04F79EFBC}") = "02.VehiclesExtension", "02.VehiclesExtension\02.VehiclesExtension.csproj", "{CA193BA7-72A4-4C57-A809-B57A877E890B}"
EndProject
Project("{FAE04EC0-301F-11D3-BF4B-00C04F79EFBC}") = "03.Raiding", "03.Raiding\03.Raiding.csproj", "{FB619BE4-4ADB-4537-8579-94DE12BBF9B1}"
EndProject
Global
	GlobalSection(SolutionConfigurationPlatforms) = preSolution
		Debug|Any CPU = Debug|Any CPU
		Release|Any CPU = Release|Any CPU
	EndGlobalSection
	GlobalSection(ProjectConfigurationPlatforms) = postSolution
		{E3506D77-71DF-43B8-BAF6-A224D46030AC}.Debug|Any CPU.ActiveCfg = Debug|Any CPU
		{E3506D77-71DF-43B8-BAF6-A224D46030AC}.Debug|Any CPU.Build.0 = Debug|Any CPU
		{E3506D77-71DF-43B8-BAF6-A224D46030AC}.Release|Any CPU.ActiveCfg = Release|Any CPU
		{E3506D77-71DF-43B8-BAF6-A224D46030AC}.Release|Any CPU.Build.0 = Release|Any CPU
		{CA193BA7-72A4-4C57-A809-B57A877E890B}.Debug|Any CPU.ActiveCfg = Debug|Any CPU
		{CA193BA7-72A4-4C57-A809-B57A877E890B}.Debug|Any CPU.Build.0 = Debug|Any CPU
		{CA193BA7-72A4-4C57-A809-B57A877E890B}.Release|Any CPU.ActiveCfg = Release|Any CPU
		{CA193BA7-72A4-4C57-A809-B57A877E890B}.Release|Any CPU.Build.0 = Release|Any CPU
		{FB619BE4-4ADB-4537-8579-94DE12BBF9B1}.Debug|Any CPU.ActiveCfg = Debug|Any CPU
		{FB619BE4-4ADB-4537-8579-94DE12BBF9B1}.Debug|Any CPU.Build.0 = Debug|Any CPU
		{FB619BE4-4ADB-4537-8579-94DE12BBF9B1}.Release|Any CPU.ActiveCfg = Release|Any CPU
		{FB619BE4-4ADB-4537-8579-94DE12BBF9B1}.Release|Any CPU.Build.0 = Release|Any CPU
	EndGlobalSection
	GlobalSection(SolutionProperties) = preSolution
		HideSolutionNode = FALSE
	EndGlobalSection
	GlobalSection(ExtensibilityGlobals) = postSolution
		SolutionGuid = {DF29A6FA-3E6D-45FA-959A-F42C0D4479F0}
	EndGlobalSection
EndGlobal
