
Microsoft Visual Studio Solution File, Format Version 12.00
# Visual Studio Version 17
VisualStudioVersion = 17.9.34616.47
MinimumVisualStudioVersion = 10.0.40219.1
Project("{FAE04EC0-301F-11D3-BF4B-00C04F79EFBC}") = "01.SingleInheritance", "Inheritance - Lab\01.SingleInheritance.csproj", "{E647E00B-DAC5-4538-9FB3-64C8C7CF8C08}"
EndProject
Project("{FAE04EC0-301F-11D3-BF4B-00C04F79EFBC}") = "02.MultipleInheritance", "02.MultipleInheritance\02.MultipleInheritance.csproj", "{77BE0EBE-A780-4653-B1E2-0658F8E94521}"
EndProject
Project("{FAE04EC0-301F-11D3-BF4B-00C04F79EFBC}") = "03.HierarchicalInheritance", "03.HierarchicalInheritance\03.HierarchicalInheritance.csproj", "{68884BA8-9856-4981-BD76-B1E78927B38F}"
EndProject
Project("{FAE04EC0-301F-11D3-BF4B-00C04F79EFBC}") = "04.RandomList", "04.RandomList\04.RandomList.csproj", "{8BDE1C0D-867A-460E-9961-A9B7A2BB2B44}"
EndProject
Global
	GlobalSection(SolutionConfigurationPlatforms) = preSolution
		Debug|Any CPU = Debug|Any CPU
		Release|Any CPU = Release|Any CPU
	EndGlobalSection
	GlobalSection(ProjectConfigurationPlatforms) = postSolution
		{E647E00B-DAC5-4538-9FB3-64C8C7CF8C08}.Debug|Any CPU.ActiveCfg = Debug|Any CPU
		{E647E00B-DAC5-4538-9FB3-64C8C7CF8C08}.Debug|Any CPU.Build.0 = Debug|Any CPU
		{E647E00B-DAC5-4538-9FB3-64C8C7CF8C08}.Release|Any CPU.ActiveCfg = Release|Any CPU
		{E647E00B-DAC5-4538-9FB3-64C8C7CF8C08}.Release|Any CPU.Build.0 = Release|Any CPU
		{77BE0EBE-A780-4653-B1E2-0658F8E94521}.Debug|Any CPU.ActiveCfg = Debug|Any CPU
		{77BE0EBE-A780-4653-B1E2-0658F8E94521}.Debug|Any CPU.Build.0 = Debug|Any CPU
		{77BE0EBE-A780-4653-B1E2-0658F8E94521}.Release|Any CPU.ActiveCfg = Release|Any CPU
		{77BE0EBE-A780-4653-B1E2-0658F8E94521}.Release|Any CPU.Build.0 = Release|Any CPU
		{68884BA8-9856-4981-BD76-B1E78927B38F}.Debug|Any CPU.ActiveCfg = Debug|Any CPU
		{68884BA8-9856-4981-BD76-B1E78927B38F}.Debug|Any CPU.Build.0 = Debug|Any CPU
		{68884BA8-9856-4981-BD76-B1E78927B38F}.Release|Any CPU.ActiveCfg = Release|Any CPU
		{68884BA8-9856-4981-BD76-B1E78927B38F}.Release|Any CPU.Build.0 = Release|Any CPU
		{8BDE1C0D-867A-460E-9961-A9B7A2BB2B44}.Debug|Any CPU.ActiveCfg = Debug|Any CPU
		{8BDE1C0D-867A-460E-9961-A9B7A2BB2B44}.Debug|Any CPU.Build.0 = Debug|Any CPU
		{8BDE1C0D-867A-460E-9961-A9B7A2BB2B44}.Release|Any CPU.ActiveCfg = Release|Any CPU
		{8BDE1C0D-867A-460E-9961-A9B7A2BB2B44}.Release|Any CPU.Build.0 = Release|Any CPU
	EndGlobalSection
	GlobalSection(SolutionProperties) = preSolution
		HideSolutionNode = FALSE
	EndGlobalSection
	GlobalSection(ExtensibilityGlobals) = postSolution
		SolutionGuid = {BC701763-8945-4418-B4E5-C4ED00D588CD}
	EndGlobalSection
EndGlobal
